
Microsoft Visual Studio Solution File, Format Version 12.00
# Visual Studio 2012
Project("{FAE04EC0-301F-11D3-BF4B-00C04F79EFBC}") = "Hacked", "Hacked\Hacked.csproj", "{392BB5B8-24DC-41CF-AA9D-52FCF64B6F7F}"
EndProject
Global
	GlobalSection(SolutionConfigurationPlatforms) = preSolution
		Debug|Any CPU = Debug|Any CPU
		Debug|ARM = Debug|ARM
		Debug|x86 = Debug|x86
		Release|Any CPU = Release|Any CPU
		Release|ARM = Release|ARM
		Release|x86 = Release|x86
	EndGlobalSection
	GlobalSection(ProjectConfigurationPlatforms) = postSolution
		{392BB5B8-24DC-41CF-AA9D-52FCF64B6F7F}.Debug|Any CPU.ActiveCfg = Debug|Any CPU
		{392BB5B8-24DC-41CF-AA9D-52FCF64B6F7F}.Debug|Any CPU.Build.0 = Debug|Any CPU
		{392BB5B8-24DC-41CF-AA9D-52FCF64B6F7F}.Debug|Any CPU.Deploy.0 = Debug|Any CPU
		{392BB5B8-24DC-41CF-AA9D-52FCF64B6F7F}.Debug|ARM.ActiveCfg = Debug|ARM
		{392BB5B8-24DC-41CF-AA9D-52FCF64B6F7F}.Debug|ARM.Build.0 = Debug|ARM
		{392BB5B8-24DC-41CF-AA9D-52FCF64B6F7F}.Debug|ARM.Deploy.0 = Debug|ARM
		{392BB5B8-24DC-41CF-AA9D-52FCF64B6F7F}.Debug|x86.ActiveCfg = Debug|x86
		{392BB5B8-24DC-41CF-AA9D-52FCF64B6F7F}.Debug|x86.Build.0 = Debug|x86
		{392BB5B8-24DC-41CF-AA9D-52FCF64B6F7F}.Debug|x86.Deploy.0 = Debug|x86
		{392BB5B8-24DC-41CF-AA9D-52FCF64B6F7F}.Release|Any CPU.ActiveCfg = Release|Any CPU
		{392BB5B8-24DC-41CF-AA9D-52FCF64B6F7F}.Release|Any CPU.Build.0 = Release|Any CPU
		{392BB5B8-24DC-41CF-AA9D-52FCF64B6F7F}.Release|Any CPU.Deploy.0 = Release|Any CPU
		{392BB5B8-24DC-41CF-AA9D-52FCF64B6F7F}.Release|ARM.ActiveCfg = Release|ARM
		{392BB5B8-24DC-41CF-AA9D-52FCF64B6F7F}.Release|ARM.Build.0 = Release|ARM
		{392BB5B8-24DC-41CF-AA9D-52FCF64B6F7F}.Release|ARM.Deploy.0 = Release|ARM
		{392BB5B8-24DC-41CF-AA9D-52FCF64B6F7F}.Release|x86.ActiveCfg = Release|x86
		{392BB5B8-24DC-41CF-AA9D-52FCF64B6F7F}.Release|x86.Build.0 = Release|x86
		{392BB5B8-24DC-41CF-AA9D-52FCF64B6F7F}.Release|x86.Deploy.0 = Release|x86
	EndGlobalSection
	GlobalSection(SolutionProperties) = preSolution
		HideSolutionNode = FALSE
	EndGlobalSection
EndGlobal
